
Microsoft Visual Studio Solution File, Format Version 12.00
# Visual Studio 15
VisualStudioVersion = 15.0.28307.168
MinimumVisualStudioVersion = 10.0.40219.1
Project("{FAE04EC0-301F-11D3-BF4B-00C04F79EFBC}") = "Product.Web", "ProductWeb\Product.Web.csproj", "{2FC581D8-D0F3-4818-909D-76AE3ACE534B}"
EndProject
Project("{FAE04EC0-301F-11D3-BF4B-00C04F79EFBC}") = "Product.Data", "Product.Data\Product.Data.csproj", "{D5B3A829-616D-49BF-8BEE-12FC981102B7}"
EndProject
Project("{FAE04EC0-301F-11D3-BF4B-00C04F79EFBC}") = "Product.Services", "Product.Services\Product.Services.csproj", "{C9583930-AB92-4379-BDD3-81BED4A2499E}"
EndProject
Project("{FAE04EC0-301F-11D3-BF4B-00C04F79EFBC}") = "Product.DomainObjects", "Product.DomainObjects\Product.DomainObjects.csproj", "{75B057D0-CCD4-4730-9D27-468BEC381175}"
EndProject
Project("{FAE04EC0-301F-11D3-BF4B-00C04F79EFBC}") = "Product.DependencyInjection", "Product.DependencyInjection\Product.DependencyInjection.csproj", "{109A4075-568D-4A94-879D-2FF97A2475D6}"
EndProject
Global
	GlobalSection(SolutionConfigurationPlatforms) = preSolution
		Debug|Any CPU = Debug|Any CPU
		Release|Any CPU = Release|Any CPU
	EndGlobalSection
	GlobalSection(ProjectConfigurationPlatforms) = postSolution
		{2FC581D8-D0F3-4818-909D-76AE3ACE534B}.Debug|Any CPU.ActiveCfg = Debug|Any CPU
		{2FC581D8-D0F3-4818-909D-76AE3ACE534B}.Debug|Any CPU.Build.0 = Debug|Any CPU
		{2FC581D8-D0F3-4818-909D-76AE3ACE534B}.Release|Any CPU.ActiveCfg = Release|Any CPU
		{2FC581D8-D0F3-4818-909D-76AE3ACE534B}.Release|Any CPU.Build.0 = Release|Any CPU
		{D5B3A829-616D-49BF-8BEE-12FC981102B7}.Debug|Any CPU.ActiveCfg = Debug|Any CPU
		{D5B3A829-616D-49BF-8BEE-12FC981102B7}.Debug|Any CPU.Build.0 = Debug|Any CPU
		{D5B3A829-616D-49BF-8BEE-12FC981102B7}.Release|Any CPU.ActiveCfg = Release|Any CPU
		{D5B3A829-616D-49BF-8BEE-12FC981102B7}.Release|Any CPU.Build.0 = Release|Any CPU
		{C9583930-AB92-4379-BDD3-81BED4A2499E}.Debug|Any CPU.ActiveCfg = Debug|Any CPU
		{C9583930-AB92-4379-BDD3-81BED4A2499E}.Debug|Any CPU.Build.0 = Debug|Any CPU
		{C9583930-AB92-4379-BDD3-81BED4A2499E}.Release|Any CPU.ActiveCfg = Release|Any CPU
		{C9583930-AB92-4379-BDD3-81BED4A2499E}.Release|Any CPU.Build.0 = Release|Any CPU
		{75B057D0-CCD4-4730-9D27-468BEC381175}.Debug|Any CPU.ActiveCfg = Debug|Any CPU
		{75B057D0-CCD4-4730-9D27-468BEC381175}.Debug|Any CPU.Build.0 = Debug|Any CPU
		{75B057D0-CCD4-4730-9D27-468BEC381175}.Release|Any CPU.ActiveCfg = Release|Any CPU
		{75B057D0-CCD4-4730-9D27-468BEC381175}.Release|Any CPU.Build.0 = Release|Any CPU
		{109A4075-568D-4A94-879D-2FF97A2475D6}.Debug|Any CPU.ActiveCfg = Debug|Any CPU
		{109A4075-568D-4A94-879D-2FF97A2475D6}.Debug|Any CPU.Build.0 = Debug|Any CPU
		{109A4075-568D-4A94-879D-2FF97A2475D6}.Release|Any CPU.ActiveCfg = Release|Any CPU
		{109A4075-568D-4A94-879D-2FF97A2475D6}.Release|Any CPU.Build.0 = Release|Any CPU
	EndGlobalSection
	GlobalSection(SolutionProperties) = preSolution
		HideSolutionNode = FALSE
	EndGlobalSection
	GlobalSection(ExtensibilityGlobals) = postSolution
		SolutionGuid = {915EB684-1936-44DB-8BBF-45B0190BC2AD}
	EndGlobalSection
EndGlobal
